// !$*UTF8*$!
{
	archiveVersion = 1;
	classes = {
	};
	objectVersion = 50;
	objects = {

/* Begin PBXBuildFile section */
		7027D736264E232500FF47C4 /* TileCell.swift in Sources */ = {isa = PBXBuildFile; fileRef = 7027D735264E232500FF47C4 /* TileCell.swift */; };
		7027D73A264E328C00FF47C4 /* Trie.swift in Sources */ = {isa = PBXBuildFile; fileRef = 7027D739264E328C00FF47C4 /* Trie.swift */; };
		7027D73D264E3F4400FF47C4 /* ScrabbleGame.swift in Sources */ = {isa = PBXBuildFile; fileRef = 7027D73C264E3F4400FF47C4 /* ScrabbleGame.swift */; };
		7027D740264E416500FF47C4 /* dictionary.txt in Resources */ = {isa = PBXBuildFile; fileRef = 7027D73F264E416400FF47C4 /* dictionary.txt */; };
		70831EA0264E0EC5007E7739 /* AppDelegate.swift in Sources */ = {isa = PBXBuildFile; fileRef = 70831E9F264E0EC5007E7739 /* AppDelegate.swift */; };
		70831EA2264E0EC5007E7739 /* SceneDelegate.swift in Sources */ = {isa = PBXBuildFile; fileRef = 70831EA1264E0EC5007E7739 /* SceneDelegate.swift */; };
		70831EA4264E0EC5007E7739 /* MainVC.swift in Sources */ = {isa = PBXBuildFile; fileRef = 70831EA3264E0EC5007E7739 /* MainVC.swift */; };
		70831EA7264E0EC5007E7739 /* Main.storyboard in Resources */ = {isa = PBXBuildFile; fileRef = 70831EA5264E0EC5007E7739 /* Main.storyboard */; };
		70831EA9264E0EC6007E7739 /* Assets.xcassets in Resources */ = {isa = PBXBuildFile; fileRef = 70831EA8264E0EC6007E7739 /* Assets.xcassets */; };
		70831EAC264E0EC6007E7739 /* LaunchScreen.storyboard in Resources */ = {isa = PBXBuildFile; fileRef = 70831EAA264E0EC6007E7739 /* LaunchScreen.storyboard */; };
		70831EB9264E164F007E7739 /* Tile.swift in Sources */ = {isa = PBXBuildFile; fileRef = 70831EB8264E164F007E7739 /* Tile.swift */; };
		70CAFA62264EB2D100EFAF0E /* LettersDataSource.swift in Sources */ = {isa = PBXBuildFile; fileRef = 70CAFA61264EB2D100EFAF0E /* LettersDataSource.swift */; };
		70CAFA65264EB3E800EFAF0E /* WordCell.swift in Sources */ = {isa = PBXBuildFile; fileRef = 70CAFA64264EB3E800EFAF0E /* WordCell.swift */; };
/* End PBXBuildFile section */

/* Begin PBXFileReference section */
		7027D735264E232500FF47C4 /* TileCell.swift */ = {isa = PBXFileReference; lastKnownFileType = sourcecode.swift; path = TileCell.swift; sourceTree = "<group>"; };
		7027D739264E328C00FF47C4 /* Trie.swift */ = {isa = PBXFileReference; lastKnownFileType = sourcecode.swift; path = Trie.swift; sourceTree = "<group>"; };
		7027D73C264E3F4400FF47C4 /* ScrabbleGame.swift */ = {isa = PBXFileReference; lastKnownFileType = sourcecode.swift; path = ScrabbleGame.swift; sourceTree = "<group>"; };
		7027D73F264E416400FF47C4 /* dictionary.txt */ = {isa = PBXFileReference; fileEncoding = 4; lastKnownFileType = text; path = dictionary.txt; sourceTree = "<group>"; };
		70831E9C264E0EC5007E7739 /* ScrabbleHelperApp.app */ = {isa = PBXFileReference; explicitFileType = wrapper.application; includeInIndex = 0; path = ScrabbleHelperApp.app; sourceTree = BUILT_PRODUCTS_DIR; };
		70831E9F264E0EC5007E7739 /* AppDelegate.swift */ = {isa = PBXFileReference; lastKnownFileType = sourcecode.swift; path = AppDelegate.swift; sourceTree = "<group>"; };
		70831EA1264E0EC5007E7739 /* SceneDelegate.swift */ = {isa = PBXFileReference; lastKnownFileType = sourcecode.swift; path = SceneDelegate.swift; sourceTree = "<group>"; };
		70831EA3264E0EC5007E7739 /* MainVC.swift */ = {isa = PBXFileReference; lastKnownFileType = sourcecode.swift; path = MainVC.swift; sourceTree = "<group>"; };
		70831EA6264E0EC5007E7739 /* Base */ = {isa = PBXFileReference; lastKnownFileType = file.storyboard; name = Base; path = Base.lproj/Main.storyboard; sourceTree = "<group>"; };
		70831EA8264E0EC6007E7739 /* Assets.xcassets */ = {isa = PBXFileReference; lastKnownFileType = folder.assetcatalog; path = Assets.xcassets; sourceTree = "<group>"; };
		70831EAB264E0EC6007E7739 /* Base */ = {isa = PBXFileReference; lastKnownFileType = file.storyboard; name = Base; path = Base.lproj/LaunchScreen.storyboard; sourceTree = "<group>"; };
		70831EAD264E0EC6007E7739 /* Info.plist */ = {isa = PBXFileReference; lastKnownFileType = text.plist.xml; path = Info.plist; sourceTree = "<group>"; };
		70831EB8264E164F007E7739 /* Tile.swift */ = {isa = PBXFileReference; lastKnownFileType = sourcecode.swift; path = Tile.swift; sourceTree = "<group>"; };
		70CAFA61264EB2D100EFAF0E /* LettersDataSource.swift */ = {isa = PBXFileReference; lastKnownFileType = sourcecode.swift; path = LettersDataSource.swift; sourceTree = "<group>"; };
		70CAFA64264EB3E800EFAF0E /* WordCell.swift */ = {isa = PBXFileReference; lastKnownFileType = sourcecode.swift; path = WordCell.swift; sourceTree = "<group>"; };
/* End PBXFileReference section */

/* Begin PBXFrameworksBuildPhase section */
		70831E99264E0EC5007E7739 /* Frameworks */ = {
			isa = PBXFrameworksBuildPhase;
			buildActionMask = 2147483647;
			files = (
			);
			runOnlyForDeploymentPostprocessing = 0;
		};
/* End PBXFrameworksBuildPhase section */

/* Begin PBXGroup section */
		70831E93264E0EC5007E7739 = {
			isa = PBXGroup;
			children = (
				70831E9E264E0EC5007E7739 /* ScrabbleHelperApp */,
				70831E9D264E0EC5007E7739 /* Products */,
			);
			sourceTree = "<group>";
		};
		70831E9D264E0EC5007E7739 /* Products */ = {
			isa = PBXGroup;
			children = (
				70831E9C264E0EC5007E7739 /* ScrabbleHelperApp.app */,
			);
			name = Products;
			sourceTree = "<group>";
		};
		70831E9E264E0EC5007E7739 /* ScrabbleHelperApp */ = {
			isa = PBXGroup;
			children = (
				70831EB7264E1609007E7739 /* Model */,
				70831EB6264E1602007E7739 /* View */,
				70831EB5264E15F5007E7739 /* Controller */,
				70831E9F264E0EC5007E7739 /* AppDelegate.swift */,
				70831EA1264E0EC5007E7739 /* SceneDelegate.swift */,
				70831EA5264E0EC5007E7739 /* Main.storyboard */,
				70831EA8264E0EC6007E7739 /* Assets.xcassets */,
				70831EAA264E0EC6007E7739 /* LaunchScreen.storyboard */,
				70831EAD264E0EC6007E7739 /* Info.plist */,
			);
			path = ScrabbleHelperApp;
			sourceTree = "<group>";
		};
		70831EB5264E15F5007E7739 /* Controller */ = {
			isa = PBXGroup;
			children = (
				70831EA3264E0EC5007E7739 /* MainVC.swift */,
			);
			path = Controller;
			sourceTree = "<group>";
		};
		70831EB6264E1602007E7739 /* View */ = {
			isa = PBXGroup;
			children = (
				7027D735264E232500FF47C4 /* TileCell.swift */,
				70CAFA64264EB3E800EFAF0E /* WordCell.swift */,
			);
			path = View;
			sourceTree = "<group>";
		};
		70831EB7264E1609007E7739 /* Model */ = {
			isa = PBXGroup;
			children = (
				7027D73F264E416400FF47C4 /* dictionary.txt */,
				70831EB8264E164F007E7739 /* Tile.swift */,
				7027D739264E328C00FF47C4 /* Trie.swift */,
				7027D73C264E3F4400FF47C4 /* ScrabbleGame.swift */,
				70CAFA61264EB2D100EFAF0E /* LettersDataSource.swift */,
			);
			path = Model;
			sourceTree = "<group>";
		};
/* End PBXGroup section */

/* Begin PBXNativeTarget section */
		70831E9B264E0EC5007E7739 /* ScrabbleHelperApp */ = {
			isa = PBXNativeTarget;
			buildConfigurationList = 70831EB0264E0EC6007E7739 /* Build configuration list for PBXNativeTarget "ScrabbleHelperApp" */;
			buildPhases = (
				70831E98264E0EC5007E7739 /* Sources */,
				70831E99264E0EC5007E7739 /* Frameworks */,
				70831E9A264E0EC5007E7739 /* Resources */,
			);
			buildRules = (
			);
			dependencies = (
			);
			name = ScrabbleHelperApp;
			productName = ScrabbleHelperApp;
			productReference = 70831E9C264E0EC5007E7739 /* ScrabbleHelperApp.app */;
			productType = "com.apple.product-type.application";
		};
/* End PBXNativeTarget section */

/* Begin PBXProject section */
		70831E94264E0EC5007E7739 /* Project object */ = {
			isa = PBXProject;
			attributes = {
				LastSwiftUpdateCheck = 1240;
				LastUpgradeCheck = 1240;
				TargetAttributes = {
					70831E9B264E0EC5007E7739 = {
						CreatedOnToolsVersion = 12.4;
					};
				};
			};
			buildConfigurationList = 70831E97264E0EC5007E7739 /* Build configuration list for PBXProject "ScrabbleHelperApp" */;
			compatibilityVersion = "Xcode 9.3";
			developmentRegion = en;
			hasScannedForEncodings = 0;
			knownRegions = (
				en,
				Base,
			);
			mainGroup = 70831E93264E0EC5007E7739;
			productRefGroup = 70831E9D264E0EC5007E7739 /* Products */;
			projectDirPath = "";
			projectRoot = "";
			targets = (
				70831E9B264E0EC5007E7739 /* ScrabbleHelperApp */,
			);
		};
/* End PBXProject section */

/* Begin PBXResourcesBuildPhase section */
		70831E9A264E0EC5007E7739 /* Resources */ = {
			isa = PBXResourcesBuildPhase;
			buildActionMask = 2147483647;
			files = (
				70831EAC264E0EC6007E7739 /* LaunchScreen.storyboard in Resources */,
				70831EA9264E0EC6007E7739 /* Assets.xcassets in Resources */,
				7027D740264E416500FF47C4 /* dictionary.txt in Resources */,
				70831EA7264E0EC5007E7739 /* Main.storyboard in Resources */,
			);
			runOnlyForDeploymentPostprocessing = 0;
		};
/* End PBXResourcesBuildPhase section */

/* Begin PBXSourcesBuildPhase section */
		70831E98264E0EC5007E7739 /* Sources */ = {
			isa = PBXSourcesBuildPhase;
			buildActionMask = 2147483647;
			files = (
				70CAFA62264EB2D100EFAF0E /* LettersDataSource.swift in Sources */,
				70831EA4264E0EC5007E7739 /* MainVC.swift in Sources */,
				7027D73D264E3F4400FF47C4 /* ScrabbleGame.swift in Sources */,
				70CAFA65264EB3E800EFAF0E /* WordCell.swift in Sources */,
				70831EA0264E0EC5007E7739 /* AppDelegate.swift in Sources */,
				70831EA2264E0EC5007E7739 /* SceneDelegate.swift in Sources */,
				7027D73A264E328C00FF47C4 /* Trie.swift in Sources */,
				70831EB9264E164F007E7739 /* Tile.swift in Sources */,
				7027D736264E232500FF47C4 /* TileCell.swift in Sources */,
			);
			runOnlyForDeploymentPostprocessing = 0;
		};
/* End PBXSourcesBuildPhase section */

/* Begin PBXVariantGroup section */
		70831EA5264E0EC5007E7739 /* Main.storyboard */ = {
			isa = PBXVariantGroup;
			children = (
				70831EA6264E0EC5007E7739 /* Base */,
			);
			name = Main.storyboard;
			sourceTree = "<group>";
		};
		70831EAA264E0EC6007E7739 /* LaunchScreen.storyboard */ = {
			isa = PBXVariantGroup;
			children = (
				70831EAB264E0EC6007E7739 /* Base */,
			);
			name = LaunchScreen.storyboard;
			sourceTree = "<group>";
		};
/* End PBXVariantGroup section */

/* Begin XCBuildConfiguration section */
		70831EAE264E0EC6007E7739 /* Debug */ = {
			isa = XCBuildConfiguration;
			buildSettings = {
				ALWAYS_SEARCH_USER_PATHS = NO;
				CLANG_ANALYZER_NONNULL = YES;
				CLANG_ANALYZER_NUMBER_OBJECT_CONVERSION = YES_AGGRESSIVE;
				CLANG_CXX_LANGUAGE_STANDARD = "gnu++14";
				CLANG_CXX_LIBRARY = "libc++";
				CLANG_ENABLE_MODULES = YES;
				CLANG_ENABLE_OBJC_ARC = YES;
				CLANG_ENABLE_OBJC_WEAK = YES;
				CLANG_WARN_BLOCK_CAPTURE_AUTORELEASING = YES;
				CLANG_WARN_BOOL_CONVERSION = YES;
				CLANG_WARN_COMMA = YES;
				CLANG_WARN_CONSTANT_CONVERSION = YES;
				CLANG_WARN_DEPRECATED_OBJC_IMPLEMENTATIONS = YES;
				CLANG_WARN_DIRECT_OBJC_ISA_USAGE = YES_ERROR;
				CLANG_WARN_DOCUMENTATION_COMMENTS = YES;
				CLANG_WARN_EMPTY_BODY = YES;
				CLANG_WARN_ENUM_CONVERSION = YES;
				CLANG_WARN_INFINITE_RECURSION = YES;
				CLANG_WARN_INT_CONVERSION = YES;
				CLANG_WARN_NON_LITERAL_NULL_CONVERSION = YES;
				CLANG_WARN_OBJC_IMPLICIT_RETAIN_SELF = YES;
				CLANG_WARN_OBJC_LITERAL_CONVERSION = YES;
				CLANG_WARN_OBJC_ROOT_CLASS = YES_ERROR;
				CLANG_WARN_QUOTED_INCLUDE_IN_FRAMEWORK_HEADER = YES;
				CLANG_WARN_RANGE_LOOP_ANALYSIS = YES;
				CLANG_WARN_STRICT_PROTOTYPES = YES;
				CLANG_WARN_SUSPICIOUS_MOVE = YES;
				CLANG_WARN_UNGUARDED_AVAILABILITY = YES_AGGRESSIVE;
				CLANG_WARN_UNREACHABLE_CODE = YES;
				CLANG_WARN__DUPLICATE_METHOD_MATCH = YES;
				COPY_PHASE_STRIP = NO;
				DEBUG_INFORMATION_FORMAT = dwarf;
				ENABLE_STRICT_OBJC_MSGSEND = YES;
				ENABLE_TESTABILITY = YES;
				GCC_C_LANGUAGE_STANDARD = gnu11;
				GCC_DYNAMIC_NO_PIC = NO;
				GCC_NO_COMMON_BLOCKS = YES;
				GCC_OPTIMIZATION_LEVEL = 0;
				GCC_PREPROCESSOR_DEFINITIONS = (
					"DEBUG=1",
					"$(inherited)",
				);
				GCC_WARN_64_TO_32_BIT_CONVERSION = YES;
				GCC_WARN_ABOUT_RETURN_TYPE = YES_ERROR;
				GCC_WARN_UNDECLARED_SELECTOR = YES;
				GCC_WARN_UNINITIALIZED_AUTOS = YES_AGGRESSIVE;
				GCC_WARN_UNUSED_FUNCTION = YES;
				GCC_WARN_UNUSED_VARIABLE = YES;
				IPHONEOS_DEPLOYMENT_TARGET = 14.4;
				MTL_ENABLE_DEBUG_INFO = INCLUDE_SOURCE;
				MTL_FAST_MATH = YES;
				ONLY_ACTIVE_ARCH = YES;
				SDKROOT = iphoneos;
				SWIFT_ACTIVE_COMPILATION_CONDITIONS = DEBUG;
				SWIFT_OPTIMIZATION_LEVEL = "-Onone";
			};
			name = Debug;
		};
		70831EAF264E0EC6007E7739 /* Release */ = {
			isa = XCBuildConfiguration;
			buildSettings = {
				ALWAYS_SEARCH_USER_PATHS = NO;
				CLANG_ANALYZER_NONNULL = YES;
				CLANG_ANALYZER_NUMBER_OBJECT_CONVERSION = YES_AGGRESSIVE;
				CLANG_CXX_LANGUAGE_STANDARD = "gnu++14";
				CLANG_CXX_LIBRARY = "libc++";
				CLANG_ENABLE_MODULES = YES;
				CLANG_ENABLE_OBJC_ARC = YES;
				CLANG_ENABLE_OBJC_WEAK = YES;
				CLANG_WARN_BLOCK_CAPTURE_AUTORELEASING = YES;
				CLANG_WARN_BOOL_CONVERSION = YES;
				CLANG_WARN_COMMA = YES;
				CLANG_WARN_CONSTANT_CONVERSION = YES;
				CLANG_WARN_DEPRECATED_OBJC_IMPLEMENTATIONS = YES;
				CLANG_WARN_DIRECT_OBJC_ISA_USAGE = YES_ERROR;
				CLANG_WARN_DOCUMENTATION_COMMENTS = YES;
				CLANG_WARN_EMPTY_BODY = YES;
				CLANG_WARN_ENUM_CONVERSION = YES;
				CLANG_WARN_INFINITE_RECURSION = YES;
				CLANG_WARN_INT_CONVERSION = YES;
				CLANG_WARN_NON_LITERAL_NULL_CONVERSION = YES;
				CLANG_WARN_OBJC_IMPLICIT_RETAIN_SELF = YES;
				CLANG_WARN_OBJC_LITERAL_CONVERSION = YES;
				CLANG_WARN_OBJC_ROOT_CLASS = YES_ERROR;
				CLANG_WARN_QUOTED_INCLUDE_IN_FRAMEWORK_HEADER = YES;
				CLANG_WARN_RANGE_LOOP_ANALYSIS = YES;
				CLANG_WARN_STRICT_PROTOTYPES = YES;
				CLANG_WARN_SUSPICIOUS_MOVE = YES;
				CLANG_WARN_UNGUARDED_AVAILABILITY = YES_AGGRESSIVE;
				CLANG_WARN_UNREACHABLE_CODE = YES;
				CLANG_WARN__DUPLICATE_METHOD_MATCH = YES;
				COPY_PHASE_STRIP = NO;
				DEBUG_INFORMATION_FORMAT = "dwarf-with-dsym";
				ENABLE_NS_ASSERTIONS = NO;
				ENABLE_STRICT_OBJC_MSGSEND = YES;
				GCC_C_LANGUAGE_STANDARD = gnu11;
				GCC_NO_COMMON_BLOCKS = YES;
				GCC_WARN_64_TO_32_BIT_CONVERSION = YES;
				GCC_WARN_ABOUT_RETURN_TYPE = YES_ERROR;
				GCC_WARN_UNDECLARED_SELECTOR = YES;
				GCC_WARN_UNINITIALIZED_AUTOS = YES_AGGRESSIVE;
				GCC_WARN_UNUSED_FUNCTION = YES;
				GCC_WARN_UNUSED_VARIABLE = YES;
				IPHONEOS_DEPLOYMENT_TARGET = 14.4;
				MTL_ENABLE_DEBUG_INFO = NO;
				MTL_FAST_MATH = YES;
				SDKROOT = iphoneos;
				SWIFT_COMPILATION_MODE = wholemodule;
				SWIFT_OPTIMIZATION_LEVEL = "-O";
				VALIDATE_PRODUCT = YES;
			};
			name = Release;
		};
		70831EB1264E0EC6007E7739 /* Debug */ = {
			isa = XCBuildConfiguration;
			buildSettings = {
				ASSETCATALOG_COMPILER_APPICON_NAME = AppIcon;
				ASSETCATALOG_COMPILER_GLOBAL_ACCENT_COLOR_NAME = AccentColor;
				CODE_SIGN_STYLE = Automatic;
				DEVELOPMENT_TEAM = WN74WH25NH;
				INFOPLIST_FILE = ScrabbleHelperApp/Info.plist;
				LD_RUNPATH_SEARCH_PATHS = (
					"$(inherited)",
					"@executable_path/Frameworks",
				);
				PRODUCT_BUNDLE_IDENTIFIER = com.enjoyingourlives.ScrabbleHelperApp;
				PRODUCT_NAME = "$(TARGET_NAME)";
				SWIFT_VERSION = 5.0;
				TARGETED_DEVICE_FAMILY = "1,2";
			};
			name = Debug;
		};
		70831EB2264E0EC6007E7739 /* Release */ = {
			isa = XCBuildConfiguration;
			buildSettings = {
				ASSETCATALOG_COMPILER_APPICON_NAME = AppIcon;
				ASSETCATALOG_COMPILER_GLOBAL_ACCENT_COLOR_NAME = AccentColor;
				CODE_SIGN_STYLE = Automatic;
				DEVELOPMENT_TEAM = WN74WH25NH;
				INFOPLIST_FILE = ScrabbleHelperApp/Info.plist;
				LD_RUNPATH_SEARCH_PATHS = (
					"$(inherited)",
					"@executable_path/Frameworks",
				);
				PRODUCT_BUNDLE_IDENTIFIER = com.enjoyingourlives.ScrabbleHelperApp;
				PRODUCT_NAME = "$(TARGET_NAME)";
				SWIFT_VERSION = 5.0;
				TARGETED_DEVICE_FAMILY = "1,2";
			};
			name = Release;
		};
/* End XCBuildConfiguration section */

/* Begin XCConfigurationList section */
		70831E97264E0EC5007E7739 /* Build configuration list for PBXProject "ScrabbleHelperApp" */ = {
			isa = XCConfigurationList;
			buildConfigurations = (
				70831EAE264E0EC6007E7739 /* Debug */,
				70831EAF264E0EC6007E7739 /* Release */,
			);
			defaultConfigurationIsVisible = 0;
			defaultConfigurationName = Release;
		};
		70831EB0264E0EC6007E7739 /* Build configuration list for PBXNativeTarget "ScrabbleHelperApp" */ = {
			isa = XCConfigurationList;
			buildConfigurations = (
				70831EB1264E0EC6007E7739 /* Debug */,
				70831EB2264E0EC6007E7739 /* Release */,
			);
			defaultConfigurationIsVisible = 0;
			defaultConfigurationName = Release;
		};
/* End XCConfigurationList section */
	};
	rootObject = 70831E94264E0EC5007E7739 /* Project object */;
}
